
Microsoft Visual Studio Solution File, Format Version 12.00
# Visual Studio Version 16
VisualStudioVersion = 16.0.31729.503
MinimumVisualStudioVersion = 10.0.40219.1
Project("{FAE04EC0-301F-11D3-BF4B-00C04F79EFBC}") = "ПР-19.1", "ПР-19.1\ПР-19.1.csproj", "{E0D13B5A-0A45-41F1-888B-DAE25CDC15D1}"
EndProject
Global
	GlobalSection(SolutionConfigurationPlatforms) = preSolution
		Debug|Any CPU = Debug|Any CPU
		Release|Any CPU = Release|Any CPU
	EndGlobalSection
	GlobalSection(ProjectConfigurationPlatforms) = postSolution
		{E0D13B5A-0A45-41F1-888B-DAE25CDC15D1}.Debug|Any CPU.ActiveCfg = Debug|Any CPU
		{E0D13B5A-0A45-41F1-888B-DAE25CDC15D1}.Debug|Any CPU.Build.0 = Debug|Any CPU
		{E0D13B5A-0A45-41F1-888B-DAE25CDC15D1}.Release|Any CPU.ActiveCfg = Release|Any CPU
		{E0D13B5A-0A45-41F1-888B-DAE25CDC15D1}.Release|Any CPU.Build.0 = Release|Any CPU
	EndGlobalSection
	GlobalSection(SolutionProperties) = preSolution
		HideSolutionNode = FALSE
	EndGlobalSection
	GlobalSection(ExtensibilityGlobals) = postSolution
		SolutionGuid = {AF917300-67CB-4C34-9A78-2810A3282BD0}
	EndGlobalSection
EndGlobal
